// !$*UTF8*$!
{
	archiveVersion = 1;
	classes = {
	};
	objectVersion = 55;
	objects = {

/* Begin PBXBuildFile section */
		910324B0286A920100794A02 /* Entry.swift in Sources */ = {isa = PBXBuildFile; fileRef = 910324AF286A920100794A02 /* Entry.swift */; };
		91149E952A60FF6F0007CFEA /* ChartModel.swift in Sources */ = {isa = PBXBuildFile; fileRef = 91149E942A60FF6F0007CFEA /* ChartModel.swift */; };
		91149E9A2A7141FB0007CFEA /* SettingsModel.swift in Sources */ = {isa = PBXBuildFile; fileRef = 91149E992A7141FB0007CFEA /* SettingsModel.swift */; };
		91149E9D2A7142910007CFEA /* OtherInfoModel.swift in Sources */ = {isa = PBXBuildFile; fileRef = 91149E9C2A7142910007CFEA /* OtherInfoModel.swift */; };
		91149EA42A7143E30007CFEA /* MenuBarWidget.swift in Sources */ = {isa = PBXBuildFile; fileRef = 91149EA32A7143E30007CFEA /* MenuBarWidget.swift */; };
		91149EA72A7144000007CFEA /* MenuBarWidgetLegacy.swift in Sources */ = {isa = PBXBuildFile; fileRef = 91149EA62A7144000007CFEA /* MenuBarWidgetLegacy.swift */; };
		914F5E9529907E0700694D77 /* helpers.swift in Sources */ = {isa = PBXBuildFile; fileRef = 914F5E9429907E0700694D77 /* helpers.swift */; };
		914F5EA029907FBF00694D77 /* Nightscout_Menu_Bar_Tests.swift in Sources */ = {isa = PBXBuildFile; fileRef = 914F5E9F29907FBF00694D77 /* Nightscout_Menu_Bar_Tests.swift */; };
		9158597929908580008BB41E /* helpers.swift in Sources */ = {isa = PBXBuildFile; fileRef = 914F5E9429907E0700694D77 /* helpers.swift */; };
		9158597D29908FA0008BB41E /* data.swift in Sources */ = {isa = PBXBuildFile; fileRef = 9158597C29908FA0008BB41E /* data.swift */; };
		917522842A602074003176B1 /* MenuChartView.swift in Sources */ = {isa = PBXBuildFile; fileRef = 917522832A602074003176B1 /* MenuChartView.swift */; };
		918683BB2869CD0400A8039D /* NightscoutMenuBar.swift in Sources */ = {isa = PBXBuildFile; fileRef = 918683BA2869CD0400A8039D /* NightscoutMenuBar.swift */; };
		918683BF2869CD0700A8039D /* Assets.xcassets in Resources */ = {isa = PBXBuildFile; fileRef = 918683BE2869CD0700A8039D /* Assets.xcassets */; };
		918683CA2869D48600A8039D /* MainMenu.swift in Sources */ = {isa = PBXBuildFile; fileRef = 918683C92869D48600A8039D /* MainMenu.swift */; };
		91AC31AA286F29A50025831B /* LaunchAtLogin in Frameworks */ = {isa = PBXBuildFile; productRef = 91AC31A9286F29A50025831B /* LaunchAtLogin */; };
		91D303A42874D85700506F64 /* LaunchAtLogin in Frameworks */ = {isa = PBXBuildFile; productRef = 91D303A32874D85700506F64 /* LaunchAtLogin */; };
		91D303A72876FB3400506F64 /* OtherInfoView.swift in Sources */ = {isa = PBXBuildFile; fileRef = 91D303A62876FB3400506F64 /* OtherInfoView.swift */; };
		91D303B3287AD77000506F64 /* SettingsView.swift in Sources */ = {isa = PBXBuildFile; fileRef = 91D303B2287AD77000506F64 /* SettingsView.swift */; };
		91E3CD212A7FBF3800667518 /* DockIconManager.swift in Sources */ = {isa = PBXBuildFile; fileRef = 91E3CD202A7FBF3800667518 /* DockIconManager.swift */; };
/* End PBXBuildFile section */

/* Begin PBXContainerItemProxy section */
		914F5EA129907FBF00694D77 /* PBXContainerItemProxy */ = {
			isa = PBXContainerItemProxy;
			containerPortal = 918683AF2869CD0400A8039D /* Project object */;
			proxyType = 1;
			remoteGlobalIDString = 918683B62869CD0400A8039D;
			remoteInfo = "Nightscout Menu Bar";
		};
		91DEAFD7286F155D0055FCA8 /* PBXContainerItemProxy */ = {
			isa = PBXContainerItemProxy;
			containerPortal = 918683AF2869CD0400A8039D /* Project object */;
			proxyType = 1;
			remoteGlobalIDString = 91FDDF29286F141D00F0DAD8;
			remoteInfo = LauncherApplication;
		};
		91DEAFD9286F156C0055FCA8 /* PBXContainerItemProxy */ = {
			isa = PBXContainerItemProxy;
			containerPortal = 918683AF2869CD0400A8039D /* Project object */;
			proxyType = 1;
			remoteGlobalIDString = 91FDDF29286F141D00F0DAD8;
			remoteInfo = LauncherApplication;
		};
		91DEAFDB286F15BE0055FCA8 /* PBXContainerItemProxy */ = {
			isa = PBXContainerItemProxy;
			containerPortal = 918683AF2869CD0400A8039D /* Project object */;
			proxyType = 1;
			remoteGlobalIDString = 91FDDF29286F141D00F0DAD8;
			remoteInfo = LauncherApplication;
		};
		91DEAFDE286F15E40055FCA8 /* PBXContainerItemProxy */ = {
			isa = PBXContainerItemProxy;
			containerPortal = 918683AF2869CD0400A8039D /* Project object */;
			proxyType = 1;
			remoteGlobalIDString = 91FDDF29286F141D00F0DAD8;
			remoteInfo = LauncherApplication;
		};
		91DEAFE0286F16C70055FCA8 /* PBXContainerItemProxy */ = {
			isa = PBXContainerItemProxy;
			containerPortal = 918683AF2869CD0400A8039D /* Project object */;
			proxyType = 1;
			remoteGlobalIDString = 91FDDF29286F141D00F0DAD8;
			remoteInfo = LauncherApplication;
		};
		91FDDF41286F14ED00F0DAD8 /* PBXContainerItemProxy */ = {
			isa = PBXContainerItemProxy;
			containerPortal = 918683AF2869CD0400A8039D /* Project object */;
			proxyType = 1;
			remoteGlobalIDString = 91FDDF29286F141D00F0DAD8;
			remoteInfo = LauncherApplication;
		};
		91FDDF43286F152300F0DAD8 /* PBXContainerItemProxy */ = {
			isa = PBXContainerItemProxy;
			containerPortal = 918683AF2869CD0400A8039D /* Project object */;
			proxyType = 1;
			remoteGlobalIDString = 91FDDF29286F141D00F0DAD8;
			remoteInfo = LauncherApplication;
		};
/* End PBXContainerItemProxy section */

/* Begin PBXFileReference section */
		910324AF286A920100794A02 /* Entry.swift */ = {isa = PBXFileReference; lastKnownFileType = sourcecode.swift; path = Entry.swift; sourceTree = "<group>"; };
		91149E942A60FF6F0007CFEA /* ChartModel.swift */ = {isa = PBXFileReference; lastKnownFileType = sourcecode.swift; path = ChartModel.swift; sourceTree = "<group>"; };
		91149E992A7141FB0007CFEA /* SettingsModel.swift */ = {isa = PBXFileReference; lastKnownFileType = sourcecode.swift; path = SettingsModel.swift; sourceTree = "<group>"; };
		91149E9C2A7142910007CFEA /* OtherInfoModel.swift */ = {isa = PBXFileReference; lastKnownFileType = sourcecode.swift; path = OtherInfoModel.swift; sourceTree = "<group>"; };
		91149EA32A7143E30007CFEA /* MenuBarWidget.swift */ = {isa = PBXFileReference; lastKnownFileType = sourcecode.swift; path = MenuBarWidget.swift; sourceTree = "<group>"; };
		91149EA62A7144000007CFEA /* MenuBarWidgetLegacy.swift */ = {isa = PBXFileReference; lastKnownFileType = sourcecode.swift; path = MenuBarWidgetLegacy.swift; sourceTree = "<group>"; };
		914F5E9429907E0700694D77 /* helpers.swift */ = {isa = PBXFileReference; lastKnownFileType = sourcecode.swift; path = helpers.swift; sourceTree = "<group>"; };
		914F5E9D29907FBF00694D77 /* Nightscout Menu Bar Tests.xctest */ = {isa = PBXFileReference; explicitFileType = wrapper.cfbundle; includeInIndex = 0; path = "Nightscout Menu Bar Tests.xctest"; sourceTree = BUILT_PRODUCTS_DIR; };
		914F5E9F29907FBF00694D77 /* Nightscout_Menu_Bar_Tests.swift */ = {isa = PBXFileReference; lastKnownFileType = sourcecode.swift; path = Nightscout_Menu_Bar_Tests.swift; sourceTree = "<group>"; };
		9158597C29908FA0008BB41E /* data.swift */ = {isa = PBXFileReference; lastKnownFileType = sourcecode.swift; path = data.swift; sourceTree = "<group>"; };
		917522832A602074003176B1 /* MenuChartView.swift */ = {isa = PBXFileReference; lastKnownFileType = sourcecode.swift; path = MenuChartView.swift; sourceTree = "<group>"; };
		918683B72869CD0400A8039D /* Nightscout Menu Bar.app */ = {isa = PBXFileReference; explicitFileType = wrapper.application; includeInIndex = 0; path = "Nightscout Menu Bar.app"; sourceTree = BUILT_PRODUCTS_DIR; };
		918683BA2869CD0400A8039D /* NightscoutMenuBar.swift */ = {isa = PBXFileReference; lastKnownFileType = sourcecode.swift; path = NightscoutMenuBar.swift; sourceTree = "<group>"; };
		918683BE2869CD0700A8039D /* Assets.xcassets */ = {isa = PBXFileReference; lastKnownFileType = folder.assetcatalog; path = Assets.xcassets; sourceTree = "<group>"; };
		918683C32869CD0700A8039D /* NightscoutMenuBar.entitlements */ = {isa = PBXFileReference; lastKnownFileType = text.plist.entitlements; path = NightscoutMenuBar.entitlements; sourceTree = "<group>"; };
		918683C92869D48600A8039D /* MainMenu.swift */ = {isa = PBXFileReference; lastKnownFileType = sourcecode.swift; path = MainMenu.swift; sourceTree = "<group>"; };
		91D303A62876FB3400506F64 /* OtherInfoView.swift */ = {isa = PBXFileReference; lastKnownFileType = sourcecode.swift; path = OtherInfoView.swift; sourceTree = "<group>"; };
		91D303B2287AD77000506F64 /* SettingsView.swift */ = {isa = PBXFileReference; lastKnownFileType = sourcecode.swift; path = SettingsView.swift; sourceTree = "<group>"; };
		91DB480D2869DDF900BC52F6 /* Info.plist */ = {isa = PBXFileReference; lastKnownFileType = text.plist; path = Info.plist; sourceTree = "<group>"; };
		91E3CD202A7FBF3800667518 /* DockIconManager.swift */ = {isa = PBXFileReference; lastKnownFileType = sourcecode.swift; path = DockIconManager.swift; sourceTree = "<group>"; };
/* End PBXFileReference section */

/* Begin PBXFrameworksBuildPhase section */
		914F5E9A29907FBF00694D77 /* Frameworks */ = {
			isa = PBXFrameworksBuildPhase;
			buildActionMask = 2147483647;
			files = (
			);
			runOnlyForDeploymentPostprocessing = 0;
		};
		918683B42869CD0400A8039D /* Frameworks */ = {
			isa = PBXFrameworksBuildPhase;
			buildActionMask = 2147483647;
			files = (
				91D303A42874D85700506F64 /* LaunchAtLogin in Frameworks */,
				91AC31AA286F29A50025831B /* LaunchAtLogin in Frameworks */,
			);
			runOnlyForDeploymentPostprocessing = 0;
		};
/* End PBXFrameworksBuildPhase section */

/* Begin PBXGroup section */
		910324AE286A91E700794A02 /* data */ = {
			isa = PBXGroup;
			children = (
				910324AF286A920100794A02 /* Entry.swift */,
			);
			path = data;
			sourceTree = "<group>";
		};
		91149E982A7141B10007CFEA /* settings */ = {
			isa = PBXGroup;
			children = (
				91D303B2287AD77000506F64 /* SettingsView.swift */,
				91149E992A7141FB0007CFEA /* SettingsModel.swift */,
			);
			path = settings;
			sourceTree = "<group>";
		};
		91149E9B2A71427E0007CFEA /* otherinfo */ = {
			isa = PBXGroup;
			children = (
				91149E9C2A7142910007CFEA /* OtherInfoModel.swift */,
				91D303A62876FB3400506F64 /* OtherInfoView.swift */,
			);
			path = otherinfo;
			sourceTree = "<group>";
		};
		91149E9E2A7142D80007CFEA /* chart */ = {
			isa = PBXGroup;
			children = (
				91149E942A60FF6F0007CFEA /* ChartModel.swift */,
				917522832A602074003176B1 /* MenuChartView.swift */,
			);
			path = chart;
			sourceTree = "<group>";
		};
		91149E9F2A7143240007CFEA /* components */ = {
			isa = PBXGroup;
			children = (
				91E3CD1F2A7FBF1000667518 /* dockIconManager */,
				91149EA52A7143EB0007CFEA /* menuBarWidget */,
				91149EA12A71436C0007CFEA /* helpers */,
				91149EA02A7143470007CFEA /* menu */,
				91149E982A7141B10007CFEA /* settings */,
				91149E9B2A71427E0007CFEA /* otherinfo */,
				91149E9E2A7142D80007CFEA /* chart */,
			);
			path = components;
			sourceTree = "<group>";
		};
		91149EA02A7143470007CFEA /* menu */ = {
			isa = PBXGroup;
			children = (
				918683C92869D48600A8039D /* MainMenu.swift */,
			);
			path = menu;
			sourceTree = "<group>";
		};
		91149EA12A71436C0007CFEA /* helpers */ = {
			isa = PBXGroup;
			children = (
				914F5E9429907E0700694D77 /* helpers.swift */,
			);
			path = helpers;
			sourceTree = "<group>";
		};
		91149EA22A7143AF0007CFEA /* network */ = {
			isa = PBXGroup;
			children = (
			);
			path = network;
			sourceTree = "<group>";
		};
		91149EA52A7143EB0007CFEA /* menuBarWidget */ = {
			isa = PBXGroup;
			children = (
				91149EA32A7143E30007CFEA /* MenuBarWidget.swift */,
				91149EA62A7144000007CFEA /* MenuBarWidgetLegacy.swift */,
			);
			path = menuBarWidget;
			sourceTree = "<group>";
		};
		914F5E9E29907FBF00694D77 /* Nightscout Menu Bar Tests */ = {
			isa = PBXGroup;
			children = (
				914F5E9F29907FBF00694D77 /* Nightscout_Menu_Bar_Tests.swift */,
				9158597C29908FA0008BB41E /* data.swift */,
			);
			path = "Nightscout Menu Bar Tests";
			sourceTree = "<group>";
		};
		918683AE2869CD0400A8039D = {
			isa = PBXGroup;
			children = (
				918683B92869CD0400A8039D /* NightscoutMenuBar */,
				914F5E9E29907FBF00694D77 /* Nightscout Menu Bar Tests */,
				918683B82869CD0400A8039D /* Products */,
			);
			sourceTree = "<group>";
		};
		918683B82869CD0400A8039D /* Products */ = {
			isa = PBXGroup;
			children = (
				918683B72869CD0400A8039D /* Nightscout Menu Bar.app */,
				914F5E9D29907FBF00694D77 /* Nightscout Menu Bar Tests.xctest */,
			);
			name = Products;
			sourceTree = "<group>";
		};
		918683B92869CD0400A8039D /* NightscoutMenuBar */ = {
			isa = PBXGroup;
			children = (
				91149EA22A7143AF0007CFEA /* network */,
				91149E9F2A7143240007CFEA /* components */,
				910324AE286A91E700794A02 /* data */,
				91DB480D2869DDF900BC52F6 /* Info.plist */,
				918683BA2869CD0400A8039D /* NightscoutMenuBar.swift */,
				918683BE2869CD0700A8039D /* Assets.xcassets */,
				918683C32869CD0700A8039D /* NightscoutMenuBar.entitlements */,
			);
			path = NightscoutMenuBar;
			sourceTree = "<group>";
		};
		91E3CD1F2A7FBF1000667518 /* dockIconManager */ = {
			isa = PBXGroup;
			children = (
				91E3CD202A7FBF3800667518 /* DockIconManager.swift */,
			);
			path = dockIconManager;
			sourceTree = "<group>";
		};
/* End PBXGroup section */

/* Begin PBXNativeTarget section */
		914F5E9C29907FBF00694D77 /* Nightscout Menu Bar Tests */ = {
			isa = PBXNativeTarget;
			buildConfigurationList = 914F5EA329907FBF00694D77 /* Build configuration list for PBXNativeTarget "Nightscout Menu Bar Tests" */;
			buildPhases = (
				914F5E9929907FBF00694D77 /* Sources */,
				914F5E9A29907FBF00694D77 /* Frameworks */,
				914F5E9B29907FBF00694D77 /* Resources */,
			);
			buildRules = (
			);
			dependencies = (
				914F5EA229907FBF00694D77 /* PBXTargetDependency */,
			);
			name = "Nightscout Menu Bar Tests";
			productName = "Nightscout Menu Bar Tests";
			productReference = 914F5E9D29907FBF00694D77 /* Nightscout Menu Bar Tests.xctest */;
			productType = "com.apple.product-type.bundle.unit-test";
		};
		918683B62869CD0400A8039D /* Nightscout Menu Bar */ = {
			isa = PBXNativeTarget;
			buildConfigurationList = 918683C62869CD0700A8039D /* Build configuration list for PBXNativeTarget "Nightscout Menu Bar" */;
			buildPhases = (
				918683B32869CD0400A8039D /* Sources */,
				918683B42869CD0400A8039D /* Frameworks */,
				918683B52869CD0400A8039D /* Resources */,
				91AC31AC286F29E10025831B /* ShellScript */,
			);
			buildRules = (
			);
			dependencies = (
				91FDDF42286F14ED00F0DAD8 /* PBXTargetDependency */,
				91FDDF44286F152300F0DAD8 /* PBXTargetDependency */,
				91DEAFD8286F155D0055FCA8 /* PBXTargetDependency */,
				91DEAFDA286F156C0055FCA8 /* PBXTargetDependency */,
				91DEAFDC286F15BE0055FCA8 /* PBXTargetDependency */,
				91DEAFDF286F15E40055FCA8 /* PBXTargetDependency */,
				91DEAFE1286F16C70055FCA8 /* PBXTargetDependency */,
			);
			name = "Nightscout Menu Bar";
			packageProductDependencies = (
				91AC31A9286F29A50025831B /* LaunchAtLogin */,
				91D303A32874D85700506F64 /* LaunchAtLogin */,
			);
			productName = NightscountMenuBar;
			productReference = 918683B72869CD0400A8039D /* Nightscout Menu Bar.app */;
			productType = "com.apple.product-type.application";
		};
/* End PBXNativeTarget section */

/* Begin PBXProject section */
		918683AF2869CD0400A8039D /* Project object */ = {
			isa = PBXProject;
			attributes = {
				BuildIndependentTargetsInParallel = 1;
				LastSwiftUpdateCheck = 1420;
				LastUpgradeCheck = 1430;
				TargetAttributes = {
					914F5E9C29907FBF00694D77 = {
						CreatedOnToolsVersion = 14.2;
						TestTargetID = 918683B62869CD0400A8039D;
					};
					918683B62869CD0400A8039D = {
						CreatedOnToolsVersion = 13.4.1;
					};
				};
			};
			buildConfigurationList = 918683B22869CD0400A8039D /* Build configuration list for PBXProject "NightscoutMenuBar" */;
			compatibilityVersion = "Xcode 13.0";
			developmentRegion = en;
			hasScannedForEncodings = 0;
			knownRegions = (
				en,
				Base,
			);
			mainGroup = 918683AE2869CD0400A8039D;
			packageReferences = (
				91AC31A8286F29A50025831B /* XCRemoteSwiftPackageReference "LaunchAtLogin" */,
			);
			productRefGroup = 918683B82869CD0400A8039D /* Products */;
			projectDirPath = "";
			projectRoot = "";
			targets = (
				918683B62869CD0400A8039D /* Nightscout Menu Bar */,
				914F5E9C29907FBF00694D77 /* Nightscout Menu Bar Tests */,
			);
		};
/* End PBXProject section */

/* Begin PBXResourcesBuildPhase section */
		914F5E9B29907FBF00694D77 /* Resources */ = {
			isa = PBXResourcesBuildPhase;
			buildActionMask = 2147483647;
			files = (
			);
			runOnlyForDeploymentPostprocessing = 0;
		};
		918683B52869CD0400A8039D /* Resources */ = {
			isa = PBXResourcesBuildPhase;
			buildActionMask = 2147483647;
			files = (
				918683BF2869CD0700A8039D /* Assets.xcassets in Resources */,
			);
			runOnlyForDeploymentPostprocessing = 0;
		};
/* End PBXResourcesBuildPhase section */

/* Begin PBXShellScriptBuildPhase section */
		91AC31AC286F29E10025831B /* ShellScript */ = {
			isa = PBXShellScriptBuildPhase;
			alwaysOutOfDate = 1;
			buildActionMask = 2147483647;
			files = (
			);
			inputFileListPaths = (
			);
			inputPaths = (
			);
			outputFileListPaths = (
			);
			outputPaths = (
			);
			runOnlyForDeploymentPostprocessing = 0;
			shellPath = /bin/sh;
			shellScript = "\"${BUILT_PRODUCTS_DIR}/LaunchAtLogin_LaunchAtLogin.bundle/Contents/Resources/copy-helper-swiftpm.sh\"\n";
		};
/* End PBXShellScriptBuildPhase section */

/* Begin PBXSourcesBuildPhase section */
		914F5E9929907FBF00694D77 /* Sources */ = {
			isa = PBXSourcesBuildPhase;
			buildActionMask = 2147483647;
			files = (
				914F5EA029907FBF00694D77 /* Nightscout_Menu_Bar_Tests.swift in Sources */,
				9158597D29908FA0008BB41E /* data.swift in Sources */,
				9158597929908580008BB41E /* helpers.swift in Sources */,
			);
			runOnlyForDeploymentPostprocessing = 0;
		};
		918683B32869CD0400A8039D /* Sources */ = {
			isa = PBXSourcesBuildPhase;
			buildActionMask = 2147483647;
			files = (
				91149EA42A7143E30007CFEA /* MenuBarWidget.swift in Sources */,
				91149E9A2A7141FB0007CFEA /* SettingsModel.swift in Sources */,
				91E3CD212A7FBF3800667518 /* DockIconManager.swift in Sources */,
				91D303B3287AD77000506F64 /* SettingsView.swift in Sources */,
				910324B0286A920100794A02 /* Entry.swift in Sources */,
				917522842A602074003176B1 /* MenuChartView.swift in Sources */,
				918683CA2869D48600A8039D /* MainMenu.swift in Sources */,
				91D303A72876FB3400506F64 /* OtherInfoView.swift in Sources */,
				91149E9D2A7142910007CFEA /* OtherInfoModel.swift in Sources */,
				918683BB2869CD0400A8039D /* NightscoutMenuBar.swift in Sources */,
				91149EA72A7144000007CFEA /* MenuBarWidgetLegacy.swift in Sources */,
				914F5E9529907E0700694D77 /* helpers.swift in Sources */,
				91149E952A60FF6F0007CFEA /* ChartModel.swift in Sources */,
			);
			runOnlyForDeploymentPostprocessing = 0;
		};
/* End PBXSourcesBuildPhase section */

/* Begin PBXTargetDependency section */
		914F5EA229907FBF00694D77 /* PBXTargetDependency */ = {
			isa = PBXTargetDependency;
			target = 918683B62869CD0400A8039D /* Nightscout Menu Bar */;
			targetProxy = 914F5EA129907FBF00694D77 /* PBXContainerItemProxy */;
		};
		91DEAFD8286F155D0055FCA8 /* PBXTargetDependency */ = {
			isa = PBXTargetDependency;
			targetProxy = 91DEAFD7286F155D0055FCA8 /* PBXContainerItemProxy */;
		};
		91DEAFDA286F156C0055FCA8 /* PBXTargetDependency */ = {
			isa = PBXTargetDependency;
			targetProxy = 91DEAFD9286F156C0055FCA8 /* PBXContainerItemProxy */;
		};
		91DEAFDC286F15BE0055FCA8 /* PBXTargetDependency */ = {
			isa = PBXTargetDependency;
			targetProxy = 91DEAFDB286F15BE0055FCA8 /* PBXContainerItemProxy */;
		};
		91DEAFDF286F15E40055FCA8 /* PBXTargetDependency */ = {
			isa = PBXTargetDependency;
			targetProxy = 91DEAFDE286F15E40055FCA8 /* PBXContainerItemProxy */;
		};
		91DEAFE1286F16C70055FCA8 /* PBXTargetDependency */ = {
			isa = PBXTargetDependency;
			targetProxy = 91DEAFE0286F16C70055FCA8 /* PBXContainerItemProxy */;
		};
		91FDDF42286F14ED00F0DAD8 /* PBXTargetDependency */ = {
			isa = PBXTargetDependency;
			targetProxy = 91FDDF41286F14ED00F0DAD8 /* PBXContainerItemProxy */;
		};
		91FDDF44286F152300F0DAD8 /* PBXTargetDependency */ = {
			isa = PBXTargetDependency;
			targetProxy = 91FDDF43286F152300F0DAD8 /* PBXContainerItemProxy */;
		};
/* End PBXTargetDependency section */

/* Begin XCBuildConfiguration section */
		914F5EA429907FBF00694D77 /* Debug */ = {
			isa = XCBuildConfiguration;
			buildSettings = {
				BUNDLE_LOADER = "$(TEST_HOST)";
				CLANG_CXX_LANGUAGE_STANDARD = "gnu++20";
				CODE_SIGN_STYLE = Automatic;
				CURRENT_PROJECT_VERSION = 1;
				DEAD_CODE_STRIPPING = YES;
				DEVELOPMENT_TEAM = 87YVC2BN2U;
				GENERATE_INFOPLIST_FILE = YES;
				MACOSX_DEPLOYMENT_TARGET = 13.0;
				MARKETING_VERSION = 1.0;
				PRODUCT_BUNDLE_IDENTIFIER = "greatmachineinthesky.com.Nightscout-Menu-Bar-Tests";
				PRODUCT_NAME = "$(TARGET_NAME)";
				SWIFT_EMIT_LOC_STRINGS = NO;
				SWIFT_VERSION = 5.0;
				TEST_HOST = "$(BUILT_PRODUCTS_DIR)/Nightscout Menu Bar.app/$(BUNDLE_EXECUTABLE_FOLDER_PATH)/Nightscout Menu Bar";
			};
			name = Debug;
		};
		914F5EA529907FBF00694D77 /* Release */ = {
			isa = XCBuildConfiguration;
			buildSettings = {
				BUNDLE_LOADER = "$(TEST_HOST)";
				CLANG_CXX_LANGUAGE_STANDARD = "gnu++20";
				CODE_SIGN_STYLE = Automatic;
				CURRENT_PROJECT_VERSION = 1;
				DEAD_CODE_STRIPPING = YES;
				DEVELOPMENT_TEAM = 87YVC2BN2U;
				GENERATE_INFOPLIST_FILE = YES;
				MACOSX_DEPLOYMENT_TARGET = 13.0;
				MARKETING_VERSION = 1.0;
				PRODUCT_BUNDLE_IDENTIFIER = "greatmachineinthesky.com.Nightscout-Menu-Bar-Tests";
				PRODUCT_NAME = "$(TARGET_NAME)";
				SWIFT_EMIT_LOC_STRINGS = NO;
				SWIFT_VERSION = 5.0;
				TEST_HOST = "$(BUILT_PRODUCTS_DIR)/Nightscout Menu Bar.app/$(BUNDLE_EXECUTABLE_FOLDER_PATH)/Nightscout Menu Bar";
			};
			name = Release;
		};
		918683C42869CD0700A8039D /* Debug */ = {
			isa = XCBuildConfiguration;
			buildSettings = {
				ALWAYS_SEARCH_USER_PATHS = NO;
				CLANG_ANALYZER_NONNULL = YES;
				CLANG_ANALYZER_NUMBER_OBJECT_CONVERSION = YES_AGGRESSIVE;
				CLANG_CXX_LANGUAGE_STANDARD = "gnu++17";
				CLANG_ENABLE_MODULES = YES;
				CLANG_ENABLE_OBJC_ARC = YES;
				CLANG_ENABLE_OBJC_WEAK = YES;
				CLANG_WARN_BLOCK_CAPTURE_AUTORELEASING = YES;
				CLANG_WARN_BOOL_CONVERSION = YES;
				CLANG_WARN_COMMA = YES;
				CLANG_WARN_CONSTANT_CONVERSION = YES;
				CLANG_WARN_DEPRECATED_OBJC_IMPLEMENTATIONS = YES;
				CLANG_WARN_DIRECT_OBJC_ISA_USAGE = YES_ERROR;
				CLANG_WARN_DOCUMENTATION_COMMENTS = YES;
				CLANG_WARN_EMPTY_BODY = YES;
				CLANG_WARN_ENUM_CONVERSION = YES;
				CLANG_WARN_INFINITE_RECURSION = YES;
				CLANG_WARN_INT_CONVERSION = YES;
				CLANG_WARN_NON_LITERAL_NULL_CONVERSION = YES;
				CLANG_WARN_OBJC_IMPLICIT_RETAIN_SELF = YES;
				CLANG_WARN_OBJC_LITERAL_CONVERSION = YES;
				CLANG_WARN_OBJC_ROOT_CLASS = YES_ERROR;
				CLANG_WARN_QUOTED_INCLUDE_IN_FRAMEWORK_HEADER = YES;
				CLANG_WARN_RANGE_LOOP_ANALYSIS = YES;
				CLANG_WARN_STRICT_PROTOTYPES = YES;
				CLANG_WARN_SUSPICIOUS_MOVE = YES;
				CLANG_WARN_UNGUARDED_AVAILABILITY = YES_AGGRESSIVE;
				CLANG_WARN_UNREACHABLE_CODE = YES;
				CLANG_WARN__DUPLICATE_METHOD_MATCH = YES;
				COPY_PHASE_STRIP = NO;
				DEAD_CODE_STRIPPING = YES;
				DEBUG_INFORMATION_FORMAT = "dwarf-with-dsym";
				ENABLE_STRICT_OBJC_MSGSEND = YES;
				ENABLE_TESTABILITY = YES;
				GCC_C_LANGUAGE_STANDARD = gnu11;
				GCC_DYNAMIC_NO_PIC = NO;
				GCC_NO_COMMON_BLOCKS = YES;
				GCC_OPTIMIZATION_LEVEL = 0;
				GCC_PREPROCESSOR_DEFINITIONS = (
					"DEBUG=1",
					"$(inherited)",
				);
				GCC_WARN_64_TO_32_BIT_CONVERSION = YES;
				GCC_WARN_ABOUT_RETURN_TYPE = YES_ERROR;
				GCC_WARN_UNDECLARED_SELECTOR = YES;
				GCC_WARN_UNINITIALIZED_AUTOS = YES_AGGRESSIVE;
				GCC_WARN_UNUSED_FUNCTION = YES;
				GCC_WARN_UNUSED_VARIABLE = YES;
				INFOPLIST_KEY_NSPrincipalClass = "";
				MACOSX_DEPLOYMENT_TARGET = 12.3;
				MTL_ENABLE_DEBUG_INFO = INCLUDE_SOURCE;
				MTL_FAST_MATH = YES;
				ONLY_ACTIVE_ARCH = YES;
				SDKROOT = macosx;
				SWIFT_ACTIVE_COMPILATION_CONDITIONS = DEBUG;
				SWIFT_OPTIMIZATION_LEVEL = "-Onone";
			};
			name = Debug;
		};
		918683C52869CD0700A8039D /* Release */ = {
			isa = XCBuildConfiguration;
			buildSettings = {
				ALWAYS_SEARCH_USER_PATHS = NO;
				CLANG_ANALYZER_NONNULL = YES;
				CLANG_ANALYZER_NUMBER_OBJECT_CONVERSION = YES_AGGRESSIVE;
				CLANG_CXX_LANGUAGE_STANDARD = "gnu++17";
				CLANG_ENABLE_MODULES = YES;
				CLANG_ENABLE_OBJC_ARC = YES;
				CLANG_ENABLE_OBJC_WEAK = YES;
				CLANG_WARN_BLOCK_CAPTURE_AUTORELEASING = YES;
				CLANG_WARN_BOOL_CONVERSION = YES;
				CLANG_WARN_COMMA = YES;
				CLANG_WARN_CONSTANT_CONVERSION = YES;
				CLANG_WARN_DEPRECATED_OBJC_IMPLEMENTATIONS = YES;
				CLANG_WARN_DIRECT_OBJC_ISA_USAGE = YES_ERROR;
				CLANG_WARN_DOCUMENTATION_COMMENTS = YES;
				CLANG_WARN_EMPTY_BODY = YES;
				CLANG_WARN_ENUM_CONVERSION = YES;
				CLANG_WARN_INFINITE_RECURSION = YES;
				CLANG_WARN_INT_CONVERSION = YES;
				CLANG_WARN_NON_LITERAL_NULL_CONVERSION = YES;
				CLANG_WARN_OBJC_IMPLICIT_RETAIN_SELF = YES;
				CLANG_WARN_OBJC_LITERAL_CONVERSION = YES;
				CLANG_WARN_OBJC_ROOT_CLASS = YES_ERROR;
				CLANG_WARN_QUOTED_INCLUDE_IN_FRAMEWORK_HEADER = YES;
				CLANG_WARN_RANGE_LOOP_ANALYSIS = YES;
				CLANG_WARN_STRICT_PROTOTYPES = YES;
				CLANG_WARN_SUSPICIOUS_MOVE = YES;
				CLANG_WARN_UNGUARDED_AVAILABILITY = YES_AGGRESSIVE;
				CLANG_WARN_UNREACHABLE_CODE = YES;
				CLANG_WARN__DUPLICATE_METHOD_MATCH = YES;
				COPY_PHASE_STRIP = NO;
				DEAD_CODE_STRIPPING = YES;
				DEBUG_INFORMATION_FORMAT = "dwarf-with-dsym";
				ENABLE_NS_ASSERTIONS = NO;
				ENABLE_STRICT_OBJC_MSGSEND = YES;
				GCC_C_LANGUAGE_STANDARD = gnu11;
				GCC_NO_COMMON_BLOCKS = YES;
				GCC_WARN_64_TO_32_BIT_CONVERSION = YES;
				GCC_WARN_ABOUT_RETURN_TYPE = YES_ERROR;
				GCC_WARN_UNDECLARED_SELECTOR = YES;
				GCC_WARN_UNINITIALIZED_AUTOS = YES_AGGRESSIVE;
				GCC_WARN_UNUSED_FUNCTION = YES;
				GCC_WARN_UNUSED_VARIABLE = YES;
				INFOPLIST_KEY_NSPrincipalClass = "";
				MACOSX_DEPLOYMENT_TARGET = 12.3;
				MTL_ENABLE_DEBUG_INFO = NO;
				MTL_FAST_MATH = YES;
				SDKROOT = macosx;
				SWIFT_COMPILATION_MODE = wholemodule;
				SWIFT_OPTIMIZATION_LEVEL = "-O";
			};
			name = Release;
		};
		918683C72869CD0700A8039D /* Debug */ = {
			isa = XCBuildConfiguration;
			buildSettings = {
				ASSETCATALOG_COMPILER_APPICON_NAME = AppIcon;
				ASSETCATALOG_COMPILER_GLOBAL_ACCENT_COLOR_NAME = AccentColor;
				CODE_SIGN_ENTITLEMENTS = NightscoutMenuBar/NightscoutMenuBar.entitlements;
				CODE_SIGN_IDENTITY = "Apple Development";
				"CODE_SIGN_IDENTITY[sdk=macosx*]" = "Apple Development";
				CODE_SIGN_STYLE = Automatic;
				COMBINE_HIDPI_IMAGES = YES;
				CURRENT_PROJECT_VERSION = 26;
				DEAD_CODE_STRIPPING = YES;
				DEVELOPMENT_TEAM = 87YVC2BN2U;
				ENABLE_HARDENED_RUNTIME = YES;
				ENABLE_PREVIEWS = YES;
				GENERATE_INFOPLIST_FILE = YES;
				INFOPLIST_FILE = NightscoutMenuBar/Info.plist;
				INFOPLIST_KEY_LSApplicationCategoryType = "public.app-category.medical";
				INFOPLIST_KEY_LSUIElement = NO;
				INFOPLIST_KEY_NSHumanReadableCopyright = "";
				INFOPLIST_KEY_NSPrincipalClass = "";
				LD_RUNPATH_SEARCH_PATHS = (
					"$(inherited)",
					"@executable_path/../Frameworks",
				);
				MACOSX_DEPLOYMENT_TARGET = 13.0;
				MARKETING_VERSION = 2.8;
				PRODUCT_BUNDLE_IDENTIFIER = com.greatmachineinthesky.NightscoutMenuBar;
				PRODUCT_NAME = "$(TARGET_NAME)";
				PROVISIONING_PROFILE_SPECIFIER = "";
				SWIFT_EMIT_LOC_STRINGS = YES;
				SWIFT_VERSION = 5.0;
			};
			name = Debug;
		};
		918683C82869CD0700A8039D /* Release */ = {
			isa = XCBuildConfiguration;
			buildSettings = {
				ASSETCATALOG_COMPILER_APPICON_NAME = AppIcon;
				ASSETCATALOG_COMPILER_GLOBAL_ACCENT_COLOR_NAME = AccentColor;
				CODE_SIGN_ENTITLEMENTS = NightscoutMenuBar/NightscoutMenuBar.entitlements;
				CODE_SIGN_IDENTITY = "Apple Development";
				"CODE_SIGN_IDENTITY[sdk=macosx*]" = "Apple Development";
				CODE_SIGN_STYLE = Automatic;
				COMBINE_HIDPI_IMAGES = YES;
				CURRENT_PROJECT_VERSION = 26;
				DEAD_CODE_STRIPPING = YES;
				DEVELOPMENT_TEAM = 87YVC2BN2U;
				ENABLE_HARDENED_RUNTIME = YES;
				ENABLE_PREVIEWS = YES;
				GENERATE_INFOPLIST_FILE = YES;
				INFOPLIST_FILE = NightscoutMenuBar/Info.plist;
				INFOPLIST_KEY_LSApplicationCategoryType = "public.app-category.medical";
				INFOPLIST_KEY_LSUIElement = NO;
				INFOPLIST_KEY_NSHumanReadableCopyright = "";
				INFOPLIST_KEY_NSPrincipalClass = "";
				LD_RUNPATH_SEARCH_PATHS = (
					"$(inherited)",
					"@executable_path/../Frameworks",
				);
				MACOSX_DEPLOYMENT_TARGET = 13.0;
				MARKETING_VERSION = 2.8;
				PRODUCT_BUNDLE_IDENTIFIER = com.greatmachineinthesky.NightscoutMenuBar;
				PRODUCT_NAME = "$(TARGET_NAME)";
				PROVISIONING_PROFILE_SPECIFIER = "";
				SWIFT_EMIT_LOC_STRINGS = YES;
				SWIFT_VERSION = 5.0;
			};
			name = Release;
		};
/* End XCBuildConfiguration section */

/* Begin XCConfigurationList section */
		914F5EA329907FBF00694D77 /* Build configuration list for PBXNativeTarget "Nightscout Menu Bar Tests" */ = {
			isa = XCConfigurationList;
			buildConfigurations = (
				914F5EA429907FBF00694D77 /* Debug */,
				914F5EA529907FBF00694D77 /* Release */,
			);
			defaultConfigurationIsVisible = 0;
			defaultConfigurationName = Release;
		};
		918683B22869CD0400A8039D /* Build configuration list for PBXProject "NightscoutMenuBar" */ = {
			isa = XCConfigurationList;
			buildConfigurations = (
				918683C42869CD0700A8039D /* Debug */,
				918683C52869CD0700A8039D /* Release */,
			);
			defaultConfigurationIsVisible = 0;
			defaultConfigurationName = Release;
		};
		918683C62869CD0700A8039D /* Build configuration list for PBXNativeTarget "Nightscout Menu Bar" */ = {
			isa = XCConfigurationList;
			buildConfigurations = (
				918683C72869CD0700A8039D /* Debug */,
				918683C82869CD0700A8039D /* Release */,
			);
			defaultConfigurationIsVisible = 0;
			defaultConfigurationName = Release;
		};
/* End XCConfigurationList section */

/* Begin XCRemoteSwiftPackageReference section */
		91AC31A8286F29A50025831B /* XCRemoteSwiftPackageReference "LaunchAtLogin" */ = {
			isa = XCRemoteSwiftPackageReference;
			repositoryURL = "https://github.com/sindresorhus/LaunchAtLogin";
			requirement = {
				branch = main;
				kind = branch;
			};
		};
/* End XCRemoteSwiftPackageReference section */

/* Begin XCSwiftPackageProductDependency section */
		91AC31A9286F29A50025831B /* LaunchAtLogin */ = {
			isa = XCSwiftPackageProductDependency;
			package = 91AC31A8286F29A50025831B /* XCRemoteSwiftPackageReference "LaunchAtLogin" */;
			productName = LaunchAtLogin;
		};
		91D303A32874D85700506F64 /* LaunchAtLogin */ = {
			isa = XCSwiftPackageProductDependency;
			package = 91AC31A8286F29A50025831B /* XCRemoteSwiftPackageReference "LaunchAtLogin" */;
			productName = LaunchAtLogin;
		};
/* End XCSwiftPackageProductDependency section */
	};
	rootObject = 918683AF2869CD0400A8039D /* Project object */;
}
